
Microsoft Visual Studio Solution File, Format Version 12.00
# Visual Studio Version 16
VisualStudioVersion = 16.0.31129.286
MinimumVisualStudioVersion = 10.0.40219.1
Project("{FAE04EC0-301F-11D3-BF4B-00C04F79EFBC}") = "MathTestGiveUp", "MathTestGiveUp\MathTestGiveUp.csproj", "{04D41BC6-F019-4A5A-810D-30C3D3AEE0B6}"
EndProject
Global
	GlobalSection(SolutionConfigurationPlatforms) = preSolution
		Debug|Any CPU = Debug|Any CPU
		Release|Any CPU = Release|Any CPU
	EndGlobalSection
	GlobalSection(ProjectConfigurationPlatforms) = postSolution
		{04D41BC6-F019-4A5A-810D-30C3D3AEE0B6}.Debug|Any CPU.ActiveCfg = Debug|Any CPU
		{04D41BC6-F019-4A5A-810D-30C3D3AEE0B6}.Debug|Any CPU.Build.0 = Debug|Any CPU
		{04D41BC6-F019-4A5A-810D-30C3D3AEE0B6}.Release|Any CPU.ActiveCfg = Release|Any CPU
		{04D41BC6-F019-4A5A-810D-30C3D3AEE0B6}.Release|Any CPU.Build.0 = Release|Any CPU
	EndGlobalSection
	GlobalSection(SolutionProperties) = preSolution
		HideSolutionNode = FALSE
	EndGlobalSection
	GlobalSection(ExtensibilityGlobals) = postSolution
		SolutionGuid = {B4F48CCC-6174-4A2C-8D96-B6763462DEF9}
	EndGlobalSection
EndGlobal
